
Microsoft Visual Studio Solution File, Format Version 12.00
# Visual Studio Version 16
VisualStudioVersion = 16.0.28922.388
MinimumVisualStudioVersion = 10.0.40219.1
Project("{2150E333-8FDC-42A3-9474-1A3956D46DE8}") = "Solution Items", "Solution Items", "{FC6CD172-26FF-4B3E-93F2-5B7538B6F81E}"
	ProjectSection(SolutionItems) = preProject
		.editorconfig = .editorconfig
		azure-pipelines.yml = azure-pipelines.yml
		CHANGELOG.md = CHANGELOG.md
		Directory.Build.props = Directory.Build.props
		GitVersion.yml = GitVersion.yml
		GlobalSuppressions.cs = GlobalSuppressions.cs
		Postman.Pre-request Script.js = Postman.Pre-request Script.js
		README.md = README.md
		stylecop.json = stylecop.json
		TestsSuppressions.cs = TestsSuppressions.cs
	EndProjectSection
EndProject
Project("{9A19103F-16F7-4668-BE54-9A1E7A4F7556}") = "RequestsSignature.AspNetCore", "RequestsSignature.AspNetCore\RequestsSignature.AspNetCore.csproj", "{D7BBDD87-60B1-4C33-840F-81A2CDEF1C6F}"
EndProject
Project("{9A19103F-16F7-4668-BE54-9A1E7A4F7556}") = "RequestsSignature.AspNetCore.Tests", "RequestsSignature.AspNetCore.Tests\RequestsSignature.AspNetCore.Tests.csproj", "{789576E5-6CC3-47BF-A013-32394FFBF3D1}"
EndProject
Project("{9A19103F-16F7-4668-BE54-9A1E7A4F7556}") = "RequestsSignature.HttpClient", "RequestsSignature.HttpClient\RequestsSignature.HttpClient.csproj", "{07925524-6421-484D-830F-59323B18CCA0}"
EndProject
Project("{9A19103F-16F7-4668-BE54-9A1E7A4F7556}") = "RequestsSignature.HttpClient.Tests", "RequestsSignature.HttpClient.Tests\RequestsSignature.HttpClient.Tests.csproj", "{99660895-C380-45E7-9CF2-0052A5E1B69B}"
EndProject
Project("{9A19103F-16F7-4668-BE54-9A1E7A4F7556}") = "RequestsSignature.Core", "RequestsSignature.Core\RequestsSignature.Core.csproj", "{7F0A764A-31EF-4E2F-9DA7-254C15F0D5DE}"
EndProject
Project("{9A19103F-16F7-4668-BE54-9A1E7A4F7556}") = "RequestsSignature.Core.Tests", "RequestsSignature.Core.Tests\RequestsSignature.Core.Tests.csproj", "{FECE4F2B-A8FE-42D3-8727-BAE949B67DB8}"
EndProject
Global
	GlobalSection(SolutionConfigurationPlatforms) = preSolution
		Debug|Any CPU = Debug|Any CPU
		Release|Any CPU = Release|Any CPU
	EndGlobalSection
	GlobalSection(ProjectConfigurationPlatforms) = postSolution
		{D7BBDD87-60B1-4C33-840F-81A2CDEF1C6F}.Debug|Any CPU.ActiveCfg = Debug|Any CPU
		{D7BBDD87-60B1-4C33-840F-81A2CDEF1C6F}.Debug|Any CPU.Build.0 = Debug|Any CPU
		{D7BBDD87-60B1-4C33-840F-81A2CDEF1C6F}.Release|Any CPU.ActiveCfg = Release|Any CPU
		{D7BBDD87-60B1-4C33-840F-81A2CDEF1C6F}.Release|Any CPU.Build.0 = Release|Any CPU
		{789576E5-6CC3-47BF-A013-32394FFBF3D1}.Debug|Any CPU.ActiveCfg = Debug|Any CPU
		{789576E5-6CC3-47BF-A013-32394FFBF3D1}.Debug|Any CPU.Build.0 = Debug|Any CPU
		{789576E5-6CC3-47BF-A013-32394FFBF3D1}.Release|Any CPU.ActiveCfg = Release|Any CPU
		{789576E5-6CC3-47BF-A013-32394FFBF3D1}.Release|Any CPU.Build.0 = Release|Any CPU
		{07925524-6421-484D-830F-59323B18CCA0}.Debug|Any CPU.ActiveCfg = Debug|Any CPU
		{07925524-6421-484D-830F-59323B18CCA0}.Debug|Any CPU.Build.0 = Debug|Any CPU
		{07925524-6421-484D-830F-59323B18CCA0}.Release|Any CPU.ActiveCfg = Release|Any CPU
		{07925524-6421-484D-830F-59323B18CCA0}.Release|Any CPU.Build.0 = Release|Any CPU
		{99660895-C380-45E7-9CF2-0052A5E1B69B}.Debug|Any CPU.ActiveCfg = Debug|Any CPU
		{99660895-C380-45E7-9CF2-0052A5E1B69B}.Debug|Any CPU.Build.0 = Debug|Any CPU
		{99660895-C380-45E7-9CF2-0052A5E1B69B}.Release|Any CPU.ActiveCfg = Release|Any CPU
		{99660895-C380-45E7-9CF2-0052A5E1B69B}.Release|Any CPU.Build.0 = Release|Any CPU
		{7F0A764A-31EF-4E2F-9DA7-254C15F0D5DE}.Debug|Any CPU.ActiveCfg = Debug|Any CPU
		{7F0A764A-31EF-4E2F-9DA7-254C15F0D5DE}.Debug|Any CPU.Build.0 = Debug|Any CPU
		{7F0A764A-31EF-4E2F-9DA7-254C15F0D5DE}.Release|Any CPU.ActiveCfg = Release|Any CPU
		{7F0A764A-31EF-4E2F-9DA7-254C15F0D5DE}.Release|Any CPU.Build.0 = Release|Any CPU
		{FECE4F2B-A8FE-42D3-8727-BAE949B67DB8}.Debug|Any CPU.ActiveCfg = Debug|Any CPU
		{FECE4F2B-A8FE-42D3-8727-BAE949B67DB8}.Debug|Any CPU.Build.0 = Debug|Any CPU
		{FECE4F2B-A8FE-42D3-8727-BAE949B67DB8}.Release|Any CPU.ActiveCfg = Release|Any CPU
		{FECE4F2B-A8FE-42D3-8727-BAE949B67DB8}.Release|Any CPU.Build.0 = Release|Any CPU
	EndGlobalSection
	GlobalSection(SolutionProperties) = preSolution
		HideSolutionNode = FALSE
	EndGlobalSection
	GlobalSection(ExtensibilityGlobals) = postSolution
		SolutionGuid = {7188783E-71B0-444C-BB96-53ADB142F380}
	EndGlobalSection
EndGlobal
